
Microsoft Visual Studio Solution File, Format Version 12.00
# Visual Studio Version 17
VisualStudioVersion = 17.3.32825.248
MinimumVisualStudioVersion = 10.0.40219.1
Project("{FAE04EC0-301F-11D3-BF4B-00C04F79EFBC}") = "BACKcrypto", "BACKcrypto\BACKcrypto.csproj", "{E7A17501-55FE-42D6-B520-BAE455F17A4C}"
EndProject
Global
	GlobalSection(SolutionConfigurationPlatforms) = preSolution
		Debug|Any CPU = Debug|Any CPU
		Release|Any CPU = Release|Any CPU
	EndGlobalSection
	GlobalSection(ProjectConfigurationPlatforms) = postSolution
		{E7A17501-55FE-42D6-B520-BAE455F17A4C}.Debug|Any CPU.ActiveCfg = Debug|Any CPU
		{E7A17501-55FE-42D6-B520-BAE455F17A4C}.Debug|Any CPU.Build.0 = Debug|Any CPU
		{E7A17501-55FE-42D6-B520-BAE455F17A4C}.Release|Any CPU.ActiveCfg = Release|Any CPU
		{E7A17501-55FE-42D6-B520-BAE455F17A4C}.Release|Any CPU.Build.0 = Release|Any CPU
	EndGlobalSection
	GlobalSection(SolutionProperties) = preSolution
		HideSolutionNode = FALSE
	EndGlobalSection
	GlobalSection(ExtensibilityGlobals) = postSolution
		SolutionGuid = {176026AA-BB6C-4734-91FF-E07EC0F8C213}
	EndGlobalSection
EndGlobal
