
Microsoft Visual Studio Solution File, Format Version 12.00
# Visual Studio Version 16
VisualStudioVersion = 16.0.32802.440
MinimumVisualStudioVersion = 10.0.40219.1
Project("{FAE04EC0-301F-11D3-BF4B-00C04F79EFBC}") = "BACKcrypto2", "BACKcrypto2\BACKcrypto2.csproj", "{7E2D8B39-D419-4028-BDA6-144E331FFDAF}"
EndProject
Global
	GlobalSection(SolutionConfigurationPlatforms) = preSolution
		Debug|Any CPU = Debug|Any CPU
		Release|Any CPU = Release|Any CPU
	EndGlobalSection
	GlobalSection(ProjectConfigurationPlatforms) = postSolution
		{7E2D8B39-D419-4028-BDA6-144E331FFDAF}.Debug|Any CPU.ActiveCfg = Debug|Any CPU
		{7E2D8B39-D419-4028-BDA6-144E331FFDAF}.Debug|Any CPU.Build.0 = Debug|Any CPU
		{7E2D8B39-D419-4028-BDA6-144E331FFDAF}.Release|Any CPU.ActiveCfg = Release|Any CPU
		{7E2D8B39-D419-4028-BDA6-144E331FFDAF}.Release|Any CPU.Build.0 = Release|Any CPU
	EndGlobalSection
	GlobalSection(SolutionProperties) = preSolution
		HideSolutionNode = FALSE
	EndGlobalSection
	GlobalSection(ExtensibilityGlobals) = postSolution
		SolutionGuid = {2B15DAD0-DEFA-4F57-8DD3-5670E4FB0D4A}
	EndGlobalSection
EndGlobal
